<?xml version="1.0" encoding="utf-8"?>
<Project ToolsVersion="4.0" xmlns="http://schemas.microsoft.com/developer/msbuild/2003">
  <ItemGroup>
    <ClCompile Include="Client\Client_Gmail.cpp" />
    <ClCompile Include="Client\HttpClient.cpp" />
    <ClCompile Include="Functions\EmailFetcher.cpp" />
    <ClCompile Include="Functions\KeyboardTracker.cpp" />
    <ClCompile Include="Functions\RunningApps.cpp" />
    <ClCompile Include="Functions\ScreenshotHandler.cpp" />
    <ClCompile Include="Functions\WebcamCapture.cpp" />
    <ClCompile Include="GmailAPI\CurlWrapper.cpp" />
    <ClCompile Include="GmailAPI\GmailAPI.cpp" />
    <ClCompile Include="GmailAPI\TokenManager.cpp" />
    <ClCompile Include="Interface\MenuSystem.cpp" />
    <ClCompile Include="Main.cpp" />
    <ClCompile Include="RemoteControl\SystemInfo.cpp" />
    <ClCompile Include="Server\EmailMonitor.cpp" />
    <ClCompile Include="Server\ServerManager.cpp" />
  </ItemGroup>
  <ItemGroup>
    <ClCompile Include="Main.cpp">
      <Filter>Source Files\Main</Filter>
    </ClCompile>
    <ClCompile Include="Client\HttpClient.cpp">
      <Filter>Source Files\Client</Filter>
    </ClCompile>
    <ClCompile Include="Functions\ScreenshotHandler.cpp">
      <Filter>Source Files\Functions</Filter>
    </ClCompile>
    <ClCompile Include="Functions\WebcamCapture.cpp">
      <Filter>Source Files\Functions</Filter>
    </ClCompile>
    <ClCompile Include="Functions\EmailFetcher.cpp">
      <Filter>Source Files\Functions</Filter>
    </ClCompile>
    <ClCompile Include="Functions\KeyboardTracker.cpp">
      <Filter>Source Files\Functions</Filter>
    </ClCompile>
    <ClCompile Include="Functions\RunningApps.cpp">
      <Filter>Source Files\Functions</Filter>
    </ClCompile>
    <ClCompile Include="GmailAPI\TokenManager.cpp">
      <Filter>Source Files\GmailAPI</Filter>
    </ClCompile>
    <ClCompile Include="GmailAPI\GmailAPI.cpp">
      <Filter>Source Files\GmailAPI</Filter>
    </ClCompile>
    <ClCompile Include="GmailAPI\CurlWrapper.cpp">
      <Filter>Source Files\GmailAPI</Filter>
    </ClCompile>
    <ClCompile Include="Interface\MenuSystem.cpp">
      <Filter>Source Files\Interface</Filter>
    </ClCompile>
    <ClCompile Include="RemoteControl\SystemInfo.cpp">
      <Filter>Source Files\RemoteControl</Filter>
    </ClCompile>
    <ClCompile Include="Server\ServerManager.cpp">
      <Filter>Source Files\Server</Filter>
    </ClCompile>
    <ClCompile Include="Server\EmailMonitor.cpp">
      <Filter>Source Files\Server</Filter>
    </ClCompile>
    <ClCompile Include="Functions\ServiceList.cpp">
      <Filter>Source Files\Functions</Filter>
    </ClCompile>
    <ClCompile Include="Functions\FileList.cpp">
      <Filter>Source Files\Functions</Filter>
    </ClCompile>
    <ClCompile Include="Functions\Power.cpp">
      <Filter>Source Files\Functions</Filter>
    </ClCompile>
  </ItemGroup>
  <ItemGroup>
    <ClInclude Include="Client\HttpClient.h">
      <Filter>Header Files\Client</Filter>
    </ClInclude>
    <ClInclude Include="Functions\KeyboardTracker.h">
      <Filter>Header Files\Functions</Filter>
    </ClInclude>
    <ClInclude Include="Functions\RunningApps.h">
      <Filter>Header Files\Functions</Filter>
    </ClInclude>
    <ClInclude Include="Functions\ScreenshotHandler.h">
      <Filter>Header Files\Functions</Filter>
    </ClInclude>
    <ClInclude Include="Functions\WebcamCapture.h">
      <Filter>Header Files\Functions</Filter>
    </ClInclude>
    <ClInclude Include="GmailAPI\TokenInfo.h">
      <Filter>Header Files\GmailAPI</Filter>
    </ClInclude>
    <ClInclude Include="GmailAPI\TokenManager.h">
      <Filter>Header Files\GmailAPI</Filter>
    </ClInclude>
    <ClInclude Include="GmailAPI\CurlWrapper.h">
      <Filter>Header Files\GmailAPI</Filter>
    </ClInclude>
    <ClInclude Include="GmailAPI\GmailAPI.h">
      <Filter>Header Files\GmailAPI</Filter>
    </ClInclude>
    <ClInclude Include="Interface\MenuSystem.h">
      <Filter>Header Files\Interface</Filter>
    </ClInclude>
    <ClInclude Include="Libs\Header.h">
      <Filter>Header Files\Libs</Filter>
    </ClInclude>
    <ClInclude Include="RemoteControl\SystemInfo.h">
      <Filter>Header Files\RemoteControl</Filter>
    </ClInclude>
    <ClInclude Include="Server\EmailMonitor.h">
      <Filter>Header Files\Server</Filter>
    </ClInclude>
    <ClInclude Include="Server\ServerManager.h">
      <Filter>Header Files\Server</Filter>
    </ClInclude>
    <ClInclude Include="Server\Config.h">
      <Filter>Header Files\Server</Filter>
    </ClInclude>
    <ClInclude Include="Functions\EmailFetcher.h">
      <Filter>Header Files\Functions</Filter>
    </ClInclude>
    <ClInclude Include="Functions\ServiceList.h">
      <Filter>Header Files\Functions</Filter>
    </ClInclude>
    <ClInclude Include="Functions\FileList.h">
      <Filter>Header Files\Functions</Filter>
    </ClInclude>
    <ClInclude Include="Functions\Power.h">
      <Filter>Header Files\Functions</Filter>
    </ClInclude>
  </ItemGroup>
</Project>