<?xml version="1.0" encoding="utf-8"?>
<Project ToolsVersion="4.0" xmlns="http://schemas.microsoft.com/developer/msbuild/2003">
  <ItemGroup>
    <ClCompile Include="Client\HttpClient.cpp" />
    <ClCompile Include="Functions\EmailFetcher.cpp" />
    <ClCompile Include="Functions\KeyboardTracker.cpp" />
    <ClCompile Include="Functions\RunningApps.cpp" />
    <ClCompile Include="Functions\ScreenshotHandler.cpp" />
    <ClCompile Include="Functions\WebcamCapture.cpp" />
    <ClCompile Include="GmailAPI\CurlWrapper.cpp" />
    <ClCompile Include="GmailAPI\GmailAPI.cpp" />
    <ClCompile Include="GmailAPI\TokenManager.cpp" />
    <ClCompile Include="Main.cpp" />
    <ClCompile Include="RemoteControl\SystemInfo.cpp" />
    <ClCompile Include="Server\EmailMonitor.cpp" />
    <ClCompile Include="Server\ServerManager.cpp" />
    <ClCompile Include="Functions\FileList.cpp" />
    <ClCompile Include="Functions\Power.cpp" />
    <ClCompile Include="Functions\ServiceList.cpp" />
    <ClCompile Include="GUI\App\RemoteControlApp.cpp" />
    <ClCompile Include="GUI\Dialogs\AccessRequestDialog.cpp" />
    <ClCompile Include="GUI\Frames\AuthenticationFrame.cpp" />
    <ClCompile Include="GUI\Frames\ServerMonitorFrame.cpp" />
  </ItemGroup>
  <ItemGroup>
    <ClCompile Include="Main.cpp">
      <Filter>Source Files\Main</Filter>
    </ClCompile>
    <ClCompile Include="Client\HttpClient.cpp">
      <Filter>Source Files\Client</Filter>
    </ClCompile>
    <ClCompile Include="Functions\ScreenshotHandler.cpp">
      <Filter>Source Files\Functions</Filter>
    </ClCompile>
    <ClCompile Include="Functions\WebcamCapture.cpp">
      <Filter>Source Files\Functions</Filter>
    </ClCompile>
    <ClCompile Include="Functions\EmailFetcher.cpp">
      <Filter>Source Files\Functions</Filter>
    </ClCompile>
    <ClCompile Include="Functions\KeyboardTracker.cpp">
      <Filter>Source Files\Functions</Filter>
    </ClCompile>
    <ClCompile Include="Functions\RunningApps.cpp">
      <Filter>Source Files\Functions</Filter>
    </ClCompile>
    <ClCompile Include="GmailAPI\TokenManager.cpp">
      <Filter>Source Files\GmailAPI</Filter>
    </ClCompile>
    <ClCompile Include="GmailAPI\GmailAPI.cpp">
      <Filter>Source Files\GmailAPI</Filter>
    </ClCompile>
    <ClCompile Include="GmailAPI\CurlWrapper.cpp">
      <Filter>Source Files\GmailAPI</Filter>
    </ClCompile>
    <ClCompile Include="Interface\MenuSystem.cpp">
      <Filter>Source Files\Interface</Filter>
    </ClCompile>
    <ClCompile Include="RemoteControl\SystemInfo.cpp">
      <Filter>Source Files\RemoteControl</Filter>
    </ClCompile>
    <ClCompile Include="Server\ServerManager.cpp">
      <Filter>Source Files\Server</Filter>
    </ClCompile>
    <ClCompile Include="Server\EmailMonitor.cpp">
      <Filter>Source Files\Server</Filter>
    </ClCompile>
  </ItemGroup>
  <ItemGroup>
    <ClInclude Include="Client\HttpClient.h" />
    <ClInclude Include="Functions\EmailFetcher.h" />
    <ClInclude Include="Functions\FileList.h" />
    <ClInclude Include="Functions\Power.h" />
    <ClInclude Include="Functions\KeyboardTracker.h" />
    <ClInclude Include="Functions\RunningApps.h" />
    <ClInclude Include="Functions\ScreenshotHandler.h" />
    <ClInclude Include="Functions\ServiceList.h" />
    <ClInclude Include="Functions\WebcamCapture.h" />
    <ClInclude Include="GmailAPI\CurlWrapper.h" />
    <ClInclude Include="GmailAPI\GmailAPI.h" />
    <ClInclude Include="GmailAPI\TokenInfo.h" />
    <ClInclude Include="GmailAPI\TokenManager.h" />
    <ClInclude Include="Libs\Header.h" />
    <ClInclude Include="RemoteControl\SystemInfo.h" />
    <ClInclude Include="Server\Config.h" />
    <ClInclude Include="Server\EmailMonitor.h" />
    <ClInclude Include="Server\ServerManager.h" />
    <ClInclude Include="GUI\App\RemoteControlApp.h" />
    <ClInclude Include="GUI\Dialogs\AccessRequestDialog.h" />
    <ClInclude Include="GUI\Frames\AuthenticationFrame.h" />
    <ClInclude Include="GUI\Frames\ServerMonitorFrame.h" />
    <ClInclude Include="GUI\Styles\UIColors.h" />
    <ClInclude Include="GUI\Styles\UIStyles.h" />
  </ItemGroup>
  <ItemGroup>
    <None Include="Resources\ClientSecrets.json" />
    <None Include="Client3.json" />
  </ItemGroup>
</Project>